
Microsoft Visual Studio Solution File, Format Version 12.00
# Visual Studio Version 17
VisualStudioVersion = 17.2.32505.173
MinimumVisualStudioVersion = 10.0.40219.1
Project("{FAE04EC0-301F-11D3-BF4B-00C04F79EFBC}") = "auto-clicker", "auto-clicker\auto-clicker.csproj", "{5355A935-23A4-4A3A-A76A-58C60DD485E5}"
EndProject
Global
	GlobalSection(SolutionConfigurationPlatforms) = preSolution
		Debug|Any CPU = Debug|Any CPU
		Release|Any CPU = Release|Any CPU
	EndGlobalSection
	GlobalSection(ProjectConfigurationPlatforms) = postSolution
		{5355A935-23A4-4A3A-A76A-58C60DD485E5}.Debug|Any CPU.ActiveCfg = Debug|Any CPU
		{5355A935-23A4-4A3A-A76A-58C60DD485E5}.Debug|Any CPU.Build.0 = Debug|Any CPU
		{5355A935-23A4-4A3A-A76A-58C60DD485E5}.Release|Any CPU.ActiveCfg = Release|Any CPU
		{5355A935-23A4-4A3A-A76A-58C60DD485E5}.Release|Any CPU.Build.0 = Release|Any CPU
	EndGlobalSection
	GlobalSection(SolutionProperties) = preSolution
		HideSolutionNode = FALSE
	EndGlobalSection
	GlobalSection(ExtensibilityGlobals) = postSolution
		SolutionGuid = {A48F8D59-709B-43EE-AF68-5760BC67B74F}
	EndGlobalSection
EndGlobal
